// !$*UTF8*$!
{
	archiveVersion = 1;
	classes = {
	};
	objectVersion = 46;
	objects = {

/* Begin PBXBuildFile section */
		9BD9714114B6FCB70041A1D9 /* UIKit.framework in Frameworks */ = {isa = PBXBuildFile; fileRef = 9BD9714014B6FCB70041A1D9 /* UIKit.framework */; };
		9BD9714314B6FCB70041A1D9 /* Foundation.framework in Frameworks */ = {isa = PBXBuildFile; fileRef = 9BD9714214B6FCB70041A1D9 /* Foundation.framework */; };
		9BD9714514B6FCB70041A1D9 /* CoreGraphics.framework in Frameworks */ = {isa = PBXBuildFile; fileRef = 9BD9714414B6FCB70041A1D9 /* CoreGraphics.framework */; };
		9BD9714B14B6FCB80041A1D9 /* InfoPlist.strings in Resources */ = {isa = PBXBuildFile; fileRef = 9BD9714914B6FCB80041A1D9 /* InfoPlist.strings */; };
		9BD9714D14B6FCB80041A1D9 /* main.m in Sources */ = {isa = PBXBuildFile; fileRef = 9BD9714C14B6FCB80041A1D9 /* main.m */; };
		9BD9715114B6FCB80041A1D9 /* AppDelegate.m in Sources */ = {isa = PBXBuildFile; fileRef = 9BD9715014B6FCB80041A1D9 /* AppDelegate.m */; };
		9BD9715414B6FCB80041A1D9 /* ViewController.m in Sources */ = {isa = PBXBuildFile; fileRef = 9BD9715314B6FCB80041A1D9 /* ViewController.m */; };
		9BD9715714B6FCB80041A1D9 /* ViewController.xib in Resources */ = {isa = PBXBuildFile; fileRef = 9BD9715514B6FCB80041A1D9 /* ViewController.xib */; };
		9BD9716114B70D7A0041A1D9 /* QuartzCore.framework in Frameworks */ = {isa = PBXBuildFile; fileRef = 9BD9716014B70D7A0041A1D9 /* QuartzCore.framework */; };
		9BD9717314B8A86B0041A1D9 /* Facebook.png in Resources */ = {isa = PBXBuildFile; fileRef = 9BD9717114B8A86A0041A1D9 /* Facebook.png */; };
		9BD9717414B8A86B0041A1D9 /* twitter.png in Resources */ = {isa = PBXBuildFile; fileRef = 9BD9717214B8A86A0041A1D9 /* twitter.png */; };
		9BEE943614BDED36006825B5 /* UICustomActionSheet.m in Sources */ = {isa = PBXBuildFile; fileRef = 9BEE943514BDED35006825B5 /* UICustomActionSheet.m */; };
/* End PBXBuildFile section */

/* Begin PBXFileReference section */
		9BD9713C14B6FCB70041A1D9 /* UICustomActionSheetSample.app */ = {isa = PBXFileReference; explicitFileType = wrapper.application; includeInIndex = 0; path = UICustomActionSheetSample.app; sourceTree = BUILT_PRODUCTS_DIR; };
		9BD9714014B6FCB70041A1D9 /* UIKit.framework */ = {isa = PBXFileReference; lastKnownFileType = wrapper.framework; name = UIKit.framework; path = System/Library/Frameworks/UIKit.framework; sourceTree = SDKROOT; };
		9BD9714214B6FCB70041A1D9 /* Foundation.framework */ = {isa = PBXFileReference; lastKnownFileType = wrapper.framework; name = Foundation.framework; path = System/Library/Frameworks/Foundation.framework; sourceTree = SDKROOT; };
		9BD9714414B6FCB70041A1D9 /* CoreGraphics.framework */ = {isa = PBXFileReference; lastKnownFileType = wrapper.framework; name = CoreGraphics.framework; path = System/Library/Frameworks/CoreGraphics.framework; sourceTree = SDKROOT; };
		9BD9714814B6FCB80041A1D9 /* UICustomActionSheetSample-Info.plist */ = {isa = PBXFileReference; lastKnownFileType = text.plist.xml; path = "UICustomActionSheetSample-Info.plist"; sourceTree = "<group>"; };
		9BD9714A14B6FCB80041A1D9 /* en */ = {isa = PBXFileReference; lastKnownFileType = text.plist.strings; name = en; path = en.lproj/InfoPlist.strings; sourceTree = "<group>"; };
		9BD9714C14B6FCB80041A1D9 /* main.m */ = {isa = PBXFileReference; lastKnownFileType = sourcecode.c.objc; path = main.m; sourceTree = "<group>"; };
		9BD9714E14B6FCB80041A1D9 /* UICustomActionSheetSample-Prefix.pch */ = {isa = PBXFileReference; lastKnownFileType = sourcecode.c.h; path = "UICustomActionSheetSample-Prefix.pch"; sourceTree = "<group>"; };
		9BD9714F14B6FCB80041A1D9 /* AppDelegate.h */ = {isa = PBXFileReference; lastKnownFileType = sourcecode.c.h; path = AppDelegate.h; sourceTree = "<group>"; };
		9BD9715014B6FCB80041A1D9 /* AppDelegate.m */ = {isa = PBXFileReference; lastKnownFileType = sourcecode.c.objc; path = AppDelegate.m; sourceTree = "<group>"; };
		9BD9715214B6FCB80041A1D9 /* ViewController.h */ = {isa = PBXFileReference; lastKnownFileType = sourcecode.c.h; path = ViewController.h; sourceTree = "<group>"; };
		9BD9715314B6FCB80041A1D9 /* ViewController.m */ = {isa = PBXFileReference; lastKnownFileType = sourcecode.c.objc; path = ViewController.m; sourceTree = "<group>"; };
		9BD9715614B6FCB80041A1D9 /* en */ = {isa = PBXFileReference; lastKnownFileType = file.xib; name = en; path = en.lproj/ViewController.xib; sourceTree = "<group>"; };
		9BD9716014B70D7A0041A1D9 /* QuartzCore.framework */ = {isa = PBXFileReference; lastKnownFileType = wrapper.framework; name = QuartzCore.framework; path = System/Library/Frameworks/QuartzCore.framework; sourceTree = SDKROOT; };
		9BD9717114B8A86A0041A1D9 /* Facebook.png */ = {isa = PBXFileReference; lastKnownFileType = image.png; path = Facebook.png; sourceTree = "<group>"; };
		9BD9717214B8A86A0041A1D9 /* twitter.png */ = {isa = PBXFileReference; lastKnownFileType = image.png; path = twitter.png; sourceTree = "<group>"; };
		9BEE943414BDED35006825B5 /* UICustomActionSheet.h */ = {isa = PBXFileReference; fileEncoding = 4; lastKnownFileType = sourcecode.c.h; path = UICustomActionSheet.h; sourceTree = "<group>"; };
		9BEE943514BDED35006825B5 /* UICustomActionSheet.m */ = {isa = PBXFileReference; fileEncoding = 4; lastKnownFileType = sourcecode.c.objc; path = UICustomActionSheet.m; sourceTree = "<group>"; };
/* End PBXFileReference section */

/* Begin PBXFrameworksBuildPhase section */
		9BD9713914B6FCB70041A1D9 /* Frameworks */ = {
			isa = PBXFrameworksBuildPhase;
			buildActionMask = 2147483647;
			files = (
				9BD9716114B70D7A0041A1D9 /* QuartzCore.framework in Frameworks */,
				9BD9714114B6FCB70041A1D9 /* UIKit.framework in Frameworks */,
				9BD9714314B6FCB70041A1D9 /* Foundation.framework in Frameworks */,
				9BD9714514B6FCB70041A1D9 /* CoreGraphics.framework in Frameworks */,
			);
			runOnlyForDeploymentPostprocessing = 0;
		};
/* End PBXFrameworksBuildPhase section */

/* Begin PBXGroup section */
		9BD9713114B6FCB70041A1D9 = {
			isa = PBXGroup;
			children = (
				9BEE943314BDED35006825B5 /* UICustomActionSheet */,
				9BD9714614B6FCB70041A1D9 /* UICustomActionSheetSample */,
				9BD9713F14B6FCB70041A1D9 /* Frameworks */,
				9BD9713D14B6FCB70041A1D9 /* Products */,
			);
			sourceTree = "<group>";
		};
		9BD9713D14B6FCB70041A1D9 /* Products */ = {
			isa = PBXGroup;
			children = (
				9BD9713C14B6FCB70041A1D9 /* UICustomActionSheetSample.app */,
			);
			name = Products;
			sourceTree = "<group>";
		};
		9BD9713F14B6FCB70041A1D9 /* Frameworks */ = {
			isa = PBXGroup;
			children = (
				9BD9716014B70D7A0041A1D9 /* QuartzCore.framework */,
				9BD9714014B6FCB70041A1D9 /* UIKit.framework */,
				9BD9714214B6FCB70041A1D9 /* Foundation.framework */,
				9BD9714414B6FCB70041A1D9 /* CoreGraphics.framework */,
			);
			name = Frameworks;
			sourceTree = "<group>";
		};
		9BD9714614B6FCB70041A1D9 /* UICustomActionSheetSample */ = {
			isa = PBXGroup;
			children = (
				9BD9717114B8A86A0041A1D9 /* Facebook.png */,
				9BD9717214B8A86A0041A1D9 /* twitter.png */,
				9BD9714F14B6FCB80041A1D9 /* AppDelegate.h */,
				9BD9715014B6FCB80041A1D9 /* AppDelegate.m */,
				9BD9715214B6FCB80041A1D9 /* ViewController.h */,
				9BD9715314B6FCB80041A1D9 /* ViewController.m */,
				9BD9715514B6FCB80041A1D9 /* ViewController.xib */,
				9BD9714714B6FCB80041A1D9 /* Supporting Files */,
			);
			path = UICustomActionSheetSample;
			sourceTree = "<group>";
		};
		9BD9714714B6FCB80041A1D9 /* Supporting Files */ = {
			isa = PBXGroup;
			children = (
				9BD9714814B6FCB80041A1D9 /* UICustomActionSheetSample-Info.plist */,
				9BD9714914B6FCB80041A1D9 /* InfoPlist.strings */,
				9BD9714C14B6FCB80041A1D9 /* main.m */,
				9BD9714E14B6FCB80041A1D9 /* UICustomActionSheetSample-Prefix.pch */,
			);
			name = "Supporting Files";
			sourceTree = "<group>";
		};
		9BEE943314BDED35006825B5 /* UICustomActionSheet */ = {
			isa = PBXGroup;
			children = (
				9BEE943414BDED35006825B5 /* UICustomActionSheet.h */,
				9BEE943514BDED35006825B5 /* UICustomActionSheet.m */,
			);
			path = UICustomActionSheet;
			sourceTree = "<group>";
		};
/* End PBXGroup section */

/* Begin PBXNativeTarget section */
		9BD9713B14B6FCB70041A1D9 /* UICustomActionSheetSample */ = {
			isa = PBXNativeTarget;
			buildConfigurationList = 9BD9715A14B6FCB80041A1D9 /* Build configuration list for PBXNativeTarget "UICustomActionSheetSample" */;
			buildPhases = (
				9BD9713814B6FCB70041A1D9 /* Sources */,
				9BD9713914B6FCB70041A1D9 /* Frameworks */,
				9BD9713A14B6FCB70041A1D9 /* Resources */,
			);
			buildRules = (
			);
			dependencies = (
			);
			name = UICustomActionSheetSample;
			productName = UICustomActionSheetSample;
			productReference = 9BD9713C14B6FCB70041A1D9 /* UICustomActionSheetSample.app */;
			productType = "com.apple.product-type.application";
		};
/* End PBXNativeTarget section */

/* Begin PBXProject section */
		9BD9713314B6FCB70041A1D9 /* Project object */ = {
			isa = PBXProject;
			attributes = {
				LastUpgradeCheck = 0420;
			};
			buildConfigurationList = 9BD9713614B6FCB70041A1D9 /* Build configuration list for PBXProject "UICustomActionSheetSample" */;
			compatibilityVersion = "Xcode 3.2";
			developmentRegion = English;
			hasScannedForEncodings = 0;
			knownRegions = (
				en,
			);
			mainGroup = 9BD9713114B6FCB70041A1D9;
			productRefGroup = 9BD9713D14B6FCB70041A1D9 /* Products */;
			projectDirPath = "";
			projectRoot = "";
			targets = (
				9BD9713B14B6FCB70041A1D9 /* UICustomActionSheetSample */,
			);
		};
/* End PBXProject section */

/* Begin PBXResourcesBuildPhase section */
		9BD9713A14B6FCB70041A1D9 /* Resources */ = {
			isa = PBXResourcesBuildPhase;
			buildActionMask = 2147483647;
			files = (
				9BD9714B14B6FCB80041A1D9 /* InfoPlist.strings in Resources */,
				9BD9715714B6FCB80041A1D9 /* ViewController.xib in Resources */,
				9BD9717314B8A86B0041A1D9 /* Facebook.png in Resources */,
				9BD9717414B8A86B0041A1D9 /* twitter.png in Resources */,
			);
			runOnlyForDeploymentPostprocessing = 0;
		};
/* End PBXResourcesBuildPhase section */

/* Begin PBXSourcesBuildPhase section */
		9BD9713814B6FCB70041A1D9 /* Sources */ = {
			isa = PBXSourcesBuildPhase;
			buildActionMask = 2147483647;
			files = (
				9BD9714D14B6FCB80041A1D9 /* main.m in Sources */,
				9BD9715114B6FCB80041A1D9 /* AppDelegate.m in Sources */,
				9BD9715414B6FCB80041A1D9 /* ViewController.m in Sources */,
				9BEE943614BDED36006825B5 /* UICustomActionSheet.m in Sources */,
			);
			runOnlyForDeploymentPostprocessing = 0;
		};
/* End PBXSourcesBuildPhase section */

/* Begin PBXVariantGroup section */
		9BD9714914B6FCB80041A1D9 /* InfoPlist.strings */ = {
			isa = PBXVariantGroup;
			children = (
				9BD9714A14B6FCB80041A1D9 /* en */,
			);
			name = InfoPlist.strings;
			sourceTree = "<group>";
		};
		9BD9715514B6FCB80041A1D9 /* ViewController.xib */ = {
			isa = PBXVariantGroup;
			children = (
				9BD9715614B6FCB80041A1D9 /* en */,
			);
			name = ViewController.xib;
			sourceTree = "<group>";
		};
/* End PBXVariantGroup section */

/* Begin XCBuildConfiguration section */
		9BD9715814B6FCB80041A1D9 /* Debug */ = {
			isa = XCBuildConfiguration;
			buildSettings = {
				ALWAYS_SEARCH_USER_PATHS = NO;
				ARCHS = "$(ARCHS_STANDARD_32_BIT)";
				"CODE_SIGN_IDENTITY[sdk=iphoneos*]" = "iPhone Developer";
				COPY_PHASE_STRIP = NO;
				GCC_C_LANGUAGE_STANDARD = gnu99;
				GCC_DYNAMIC_NO_PIC = NO;
				GCC_OPTIMIZATION_LEVEL = 0;
				GCC_PREPROCESSOR_DEFINITIONS = (
					"DEBUG=1",
					"$(inherited)",
				);
				GCC_SYMBOLS_PRIVATE_EXTERN = NO;
				GCC_VERSION = com.apple.compilers.llvm.clang.1_0;
				GCC_WARN_ABOUT_MISSING_PROTOTYPES = YES;
				GCC_WARN_ABOUT_RETURN_TYPE = YES;
				GCC_WARN_UNUSED_VARIABLE = YES;
				IPHONEOS_DEPLOYMENT_TARGET = 5.0;
				SDKROOT = iphoneos;
			};
			name = Debug;
		};
		9BD9715914B6FCB80041A1D9 /* Release */ = {
			isa = XCBuildConfiguration;
			buildSettings = {
				ALWAYS_SEARCH_USER_PATHS = NO;
				ARCHS = "$(ARCHS_STANDARD_32_BIT)";
				"CODE_SIGN_IDENTITY[sdk=iphoneos*]" = "iPhone Developer";
				COPY_PHASE_STRIP = YES;
				GCC_C_LANGUAGE_STANDARD = gnu99;
				GCC_VERSION = com.apple.compilers.llvm.clang.1_0;
				GCC_WARN_ABOUT_MISSING_PROTOTYPES = YES;
				GCC_WARN_ABOUT_RETURN_TYPE = YES;
				GCC_WARN_UNUSED_VARIABLE = YES;
				IPHONEOS_DEPLOYMENT_TARGET = 5.0;
				OTHER_CFLAGS = "-DNS_BLOCK_ASSERTIONS=1";
				SDKROOT = iphoneos;
				VALIDATE_PRODUCT = YES;
			};
			name = Release;
		};
		9BD9715B14B6FCB80041A1D9 /* Debug */ = {
			isa = XCBuildConfiguration;
			buildSettings = {
				GCC_PRECOMPILE_PREFIX_HEADER = YES;
				GCC_PREFIX_HEADER = "UICustomActionSheetSample/UICustomActionSheetSample-Prefix.pch";
				INFOPLIST_FILE = "UICustomActionSheetSample/UICustomActionSheetSample-Info.plist";
				IPHONEOS_DEPLOYMENT_TARGET = 4.0;
				PRODUCT_NAME = "$(TARGET_NAME)";
				TARGETED_DEVICE_FAMILY = "1,2";
				WRAPPER_EXTENSION = app;
			};
			name = Debug;
		};
		9BD9715C14B6FCB80041A1D9 /* Release */ = {
			isa = XCBuildConfiguration;
			buildSettings = {
				GCC_PRECOMPILE_PREFIX_HEADER = YES;
				GCC_PREFIX_HEADER = "UICustomActionSheetSample/UICustomActionSheetSample-Prefix.pch";
				INFOPLIST_FILE = "UICustomActionSheetSample/UICustomActionSheetSample-Info.plist";
				IPHONEOS_DEPLOYMENT_TARGET = 4.0;
				PRODUCT_NAME = "$(TARGET_NAME)";
				TARGETED_DEVICE_FAMILY = "1,2";
				WRAPPER_EXTENSION = app;
			};
			name = Release;
		};
/* End XCBuildConfiguration section */

/* Begin XCConfigurationList section */
		9BD9713614B6FCB70041A1D9 /* Build configuration list for PBXProject "UICustomActionSheetSample" */ = {
			isa = XCConfigurationList;
			buildConfigurations = (
				9BD9715814B6FCB80041A1D9 /* Debug */,
				9BD9715914B6FCB80041A1D9 /* Release */,
			);
			defaultConfigurationIsVisible = 0;
			defaultConfigurationName = Release;
		};
		9BD9715A14B6FCB80041A1D9 /* Build configuration list for PBXNativeTarget "UICustomActionSheetSample" */ = {
			isa = XCConfigurationList;
			buildConfigurations = (
				9BD9715B14B6FCB80041A1D9 /* Debug */,
				9BD9715C14B6FCB80041A1D9 /* Release */,
			);
			defaultConfigurationIsVisible = 0;
			defaultConfigurationName = Release;
		};
/* End XCConfigurationList section */
	};
	rootObject = 9BD9713314B6FCB70041A1D9 /* Project object */;
}
